<?xml version="1.0" encoding="utf-8"?>
<Project ToolsVersion="4.0" xmlns="http://schemas.microsoft.com/developer/msbuild/2003">
  <ItemGroup>
    <Filter Include="Source Files">
      <UniqueIdentifier>{4FC737F1-C7A5-4376-A066-2A32D752A2FF}</UniqueIdentifier>
      <Extensions>cpp;c;cc;cxx;c++;cppm;ixx;def;odl;idl;hpj;bat;asm;asmx</Extensions>
    </Filter>
    <Filter Include="Header Files">
      <UniqueIdentifier>{93995380-89BD-4b04-88EB-625FBE52EBFB}</UniqueIdentifier>
      <Extensions>h;hh;hpp;hxx;h++;hm;inl;inc;ipp;xsd</Extensions>
    </Filter>
    <Filter Include="Resource Files">
      <UniqueIdentifier>{67DA6AB6-F800-4c08-8B7A-83BB121AAD01}</UniqueIdentifier>
      <Extensions>rc;ico;cur;bmp;dlg;rc2;rct;bin;rgs;gif;jpg;jpeg;jpe;resx;tiff;tif;png;wav;mfcribbon-ms</Extensions>
    </Filter>
  </ItemGroup>
  <ItemGroup>
    <ClCompile Include="cppDesignPatternsImplConsole.cpp">
      <Filter>Source Files</Filter>
    </ClCompile>
  </ItemGroup>
  <ItemGroup>
    <ClInclude Include="cppAbstractFactory.h">
      <Filter>Header Files</Filter>
    </ClInclude>
    <ClInclude Include="cppAdapter.h">
      <Filter>Header Files</Filter>
    </ClInclude>
    <ClInclude Include="cppAdapterMultiInheritance.h">
      <Filter>Header Files</Filter>
    </ClInclude>
    <ClInclude Include="cppBuilder.h">
      <Filter>Header Files</Filter>
    </ClInclude>
    <ClInclude Include="cppBridge.h">
      <Filter>Header Files</Filter>
    </ClInclude>
    <ClInclude Include="cppFactoryMethod.h">
      <Filter>Header Files</Filter>
    </ClInclude>
    <ClInclude Include="cppComposite.h">
      <Filter>Header Files</Filter>
    </ClInclude>
    <ClInclude Include="cppPrototype.h">
      <Filter>Header Files</Filter>
    </ClInclude>
    <ClInclude Include="cppDecorator.h">
      <Filter>Header Files</Filter>
    </ClInclude>
    <ClInclude Include="cppSingleton.h">
      <Filter>Header Files</Filter>
    </ClInclude>
    <ClInclude Include="cppSingletonThreadSafe.h">
      <Filter>Header Files</Filter>
    </ClInclude>
    <ClInclude Include="cppFacade.h">
      <Filter>Header Files</Filter>
    </ClInclude>
    <ClInclude Include="cppFlyweight.h">
      <Filter>Header Files</Filter>
    </ClInclude>
    <ClInclude Include="cppProxy.h">
      <Filter>Header Files</Filter>
    </ClInclude>
    <ClInclude Include="cppChainOfResponsability.h">
      <Filter>Header Files</Filter>
    </ClInclude>
    <ClInclude Include="cppCommand.h">
      <Filter>Header Files</Filter>
    </ClInclude>
    <ClInclude Include="cppIterator.h">
      <Filter>Header Files</Filter>
    </ClInclude>
    <ClInclude Include="cppMediator.h">
      <Filter>Header Files</Filter>
    </ClInclude>
    <ClInclude Include="cppMemento.h">
      <Filter>Header Files</Filter>
    </ClInclude>
    <ClInclude Include="cppObserver.h">
      <Filter>Header Files</Filter>
    </ClInclude>
    <ClInclude Include="cppState.h">
      <Filter>Header Files</Filter>
    </ClInclude>
    <ClInclude Include="cppStrategy.h">
      <Filter>Header Files</Filter>
    </ClInclude>
    <ClInclude Include="cppTemplateMethod.h">
      <Filter>Header Files</Filter>
    </ClInclude>
    <ClInclude Include="cppVisitor.h">
      <Filter>Header Files</Filter>
    </ClInclude>
    <ClInclude Include="cppInterpreter.h">
      <Filter>Header Files</Filter>
    </ClInclude>
    <ClInclude Include="cppPointerToImplementation.h">
      <Filter>Header Files</Filter>
    </ClInclude>
    <ClInclude Include="cppPointerToImplementationImpl.h">
      <Filter>Header Files</Filter>
    </ClInclude>
  </ItemGroup>
</Project>